
Microsoft Visual Studio Solution File, Format Version 12.00
# Visual Studio Version 16
VisualStudioVersion = 16.0.30002.166
MinimumVisualStudioVersion = 15.0.26124.0
Project("{9A19103F-16F7-4668-BE54-9A1E7A4F7556}") = "QueryProcessing", "QueryProcessing\QueryProcessing.csproj", "{767475CE-3CC7-4D02-AFFB-FB684FA1D443}"
EndProject
Project("{9A19103F-16F7-4668-BE54-9A1E7A4F7556}") = "TestClient", "TestClient\TestClient.csproj", "{19155ED5-B5DE-49D0-8B76-A8C7BF7E41F9}"
EndProject
Project("{9A19103F-16F7-4668-BE54-9A1E7A4F7556}") = "QueryProcessing.Tests", "QueryProcessing.Tests\QueryProcessing.Tests.csproj", "{0FC08C11-F8E9-47CE-BAD9-DF1DACAF056D}"
EndProject
Global
	GlobalSection(SolutionConfigurationPlatforms) = preSolution
		Debug|Any CPU = Debug|Any CPU
		Debug|x64 = Debug|x64
		Debug|x86 = Debug|x86
		Release|Any CPU = Release|Any CPU
		Release|x64 = Release|x64
		Release|x86 = Release|x86
	EndGlobalSection
	GlobalSection(ProjectConfigurationPlatforms) = postSolution
		{767475CE-3CC7-4D02-AFFB-FB684FA1D443}.Debug|Any CPU.ActiveCfg = Debug|Any CPU
		{767475CE-3CC7-4D02-AFFB-FB684FA1D443}.Debug|Any CPU.Build.0 = Debug|Any CPU
		{767475CE-3CC7-4D02-AFFB-FB684FA1D443}.Debug|x64.ActiveCfg = Debug|Any CPU
		{767475CE-3CC7-4D02-AFFB-FB684FA1D443}.Debug|x64.Build.0 = Debug|Any CPU
		{767475CE-3CC7-4D02-AFFB-FB684FA1D443}.Debug|x86.ActiveCfg = Debug|Any CPU
		{767475CE-3CC7-4D02-AFFB-FB684FA1D443}.Debug|x86.Build.0 = Debug|Any CPU
		{767475CE-3CC7-4D02-AFFB-FB684FA1D443}.Release|Any CPU.ActiveCfg = Release|Any CPU
		{767475CE-3CC7-4D02-AFFB-FB684FA1D443}.Release|Any CPU.Build.0 = Release|Any CPU
		{767475CE-3CC7-4D02-AFFB-FB684FA1D443}.Release|x64.ActiveCfg = Release|Any CPU
		{767475CE-3CC7-4D02-AFFB-FB684FA1D443}.Release|x64.Build.0 = Release|Any CPU
		{767475CE-3CC7-4D02-AFFB-FB684FA1D443}.Release|x86.ActiveCfg = Release|Any CPU
		{767475CE-3CC7-4D02-AFFB-FB684FA1D443}.Release|x86.Build.0 = Release|Any CPU
		{19155ED5-B5DE-49D0-8B76-A8C7BF7E41F9}.Debug|Any CPU.ActiveCfg = Debug|Any CPU
		{19155ED5-B5DE-49D0-8B76-A8C7BF7E41F9}.Debug|Any CPU.Build.0 = Debug|Any CPU
		{19155ED5-B5DE-49D0-8B76-A8C7BF7E41F9}.Debug|x64.ActiveCfg = Debug|Any CPU
		{19155ED5-B5DE-49D0-8B76-A8C7BF7E41F9}.Debug|x64.Build.0 = Debug|Any CPU
		{19155ED5-B5DE-49D0-8B76-A8C7BF7E41F9}.Debug|x86.ActiveCfg = Debug|Any CPU
		{19155ED5-B5DE-49D0-8B76-A8C7BF7E41F9}.Debug|x86.Build.0 = Debug|Any CPU
		{19155ED5-B5DE-49D0-8B76-A8C7BF7E41F9}.Release|Any CPU.ActiveCfg = Release|Any CPU
		{19155ED5-B5DE-49D0-8B76-A8C7BF7E41F9}.Release|Any CPU.Build.0 = Release|Any CPU
		{19155ED5-B5DE-49D0-8B76-A8C7BF7E41F9}.Release|x64.ActiveCfg = Release|Any CPU
		{19155ED5-B5DE-49D0-8B76-A8C7BF7E41F9}.Release|x64.Build.0 = Release|Any CPU
		{19155ED5-B5DE-49D0-8B76-A8C7BF7E41F9}.Release|x86.ActiveCfg = Release|Any CPU
		{19155ED5-B5DE-49D0-8B76-A8C7BF7E41F9}.Release|x86.Build.0 = Release|Any CPU
		{0FC08C11-F8E9-47CE-BAD9-DF1DACAF056D}.Debug|Any CPU.ActiveCfg = Debug|Any CPU
		{0FC08C11-F8E9-47CE-BAD9-DF1DACAF056D}.Debug|Any CPU.Build.0 = Debug|Any CPU
		{0FC08C11-F8E9-47CE-BAD9-DF1DACAF056D}.Debug|x64.ActiveCfg = Debug|Any CPU
		{0FC08C11-F8E9-47CE-BAD9-DF1DACAF056D}.Debug|x64.Build.0 = Debug|Any CPU
		{0FC08C11-F8E9-47CE-BAD9-DF1DACAF056D}.Debug|x86.ActiveCfg = Debug|Any CPU
		{0FC08C11-F8E9-47CE-BAD9-DF1DACAF056D}.Debug|x86.Build.0 = Debug|Any CPU
		{0FC08C11-F8E9-47CE-BAD9-DF1DACAF056D}.Release|Any CPU.ActiveCfg = Release|Any CPU
		{0FC08C11-F8E9-47CE-BAD9-DF1DACAF056D}.Release|Any CPU.Build.0 = Release|Any CPU
		{0FC08C11-F8E9-47CE-BAD9-DF1DACAF056D}.Release|x64.ActiveCfg = Release|Any CPU
		{0FC08C11-F8E9-47CE-BAD9-DF1DACAF056D}.Release|x64.Build.0 = Release|Any CPU
		{0FC08C11-F8E9-47CE-BAD9-DF1DACAF056D}.Release|x86.ActiveCfg = Release|Any CPU
		{0FC08C11-F8E9-47CE-BAD9-DF1DACAF056D}.Release|x86.Build.0 = Release|Any CPU
	EndGlobalSection
	GlobalSection(SolutionProperties) = preSolution
		HideSolutionNode = FALSE
	EndGlobalSection
	GlobalSection(ExtensibilityGlobals) = postSolution
		SolutionGuid = {FAAD3157-0738-4FFD-9898-60D97C397045}
	EndGlobalSection
EndGlobal
